
Microsoft Visual Studio Solution File, Format Version 12.00
# Visual Studio Version 17
VisualStudioVersion = 17.0.31903.59
MinimumVisualStudioVersion = 10.0.40219.1
Project("{2150E333-8FDC-42A3-9474-1A3956D46DE8}") = "desktop", "desktop", "{7A1224A0-F22D-34FF-DE0A-A058FAFFD90C}"
EndProject
Project("{FAE04EC0-301F-11D3-BF4B-00C04F79EFBC}") = "CodexThreadkeeper.App", "desktop\CodexThreadkeeper.App\CodexThreadkeeper.App.csproj", "{046C07E6-8117-4F19-B2CF-683D62D944C9}"
EndProject
Global
	GlobalSection(SolutionConfigurationPlatforms) = preSolution
		Debug|Any CPU = Debug|Any CPU
		Debug|x64 = Debug|x64
		Debug|x86 = Debug|x86
		Release|Any CPU = Release|Any CPU
		Release|x64 = Release|x64
		Release|x86 = Release|x86
	EndGlobalSection
	GlobalSection(ProjectConfigurationPlatforms) = postSolution
		{046C07E6-8117-4F19-B2CF-683D62D944C9}.Debug|Any CPU.ActiveCfg = Debug|Any CPU
		{046C07E6-8117-4F19-B2CF-683D62D944C9}.Debug|Any CPU.Build.0 = Debug|Any CPU
		{046C07E6-8117-4F19-B2CF-683D62D944C9}.Debug|x64.ActiveCfg = Debug|Any CPU
		{046C07E6-8117-4F19-B2CF-683D62D944C9}.Debug|x64.Build.0 = Debug|Any CPU
		{046C07E6-8117-4F19-B2CF-683D62D944C9}.Debug|x86.ActiveCfg = Debug|Any CPU
		{046C07E6-8117-4F19-B2CF-683D62D944C9}.Debug|x86.Build.0 = Debug|Any CPU
		{046C07E6-8117-4F19-B2CF-683D62D944C9}.Release|Any CPU.ActiveCfg = Release|Any CPU
		{046C07E6-8117-4F19-B2CF-683D62D944C9}.Release|Any CPU.Build.0 = Release|Any CPU
		{046C07E6-8117-4F19-B2CF-683D62D944C9}.Release|x64.ActiveCfg = Release|Any CPU
		{046C07E6-8117-4F19-B2CF-683D62D944C9}.Release|x64.Build.0 = Release|Any CPU
		{046C07E6-8117-4F19-B2CF-683D62D944C9}.Release|x86.ActiveCfg = Release|Any CPU
		{046C07E6-8117-4F19-B2CF-683D62D944C9}.Release|x86.Build.0 = Release|Any CPU
	EndGlobalSection
	GlobalSection(SolutionProperties) = preSolution
		HideSolutionNode = FALSE
	EndGlobalSection
	GlobalSection(NestedProjects) = preSolution
		{046C07E6-8117-4F19-B2CF-683D62D944C9} = {7A1224A0-F22D-34FF-DE0A-A058FAFFD90C}
	EndGlobalSection
EndGlobal
