{
  "name": "codex-threadkeeper",
  "version": "0.2.0",
  "lockfileVersion": 3,
  "requires": true,
  "packages": {
    "": {
      "name": "codex-threadkeeper",
      "version": "0.2.0",
      "license": "MIT",
      "bin": {
        "codex-threadkeeper": "src/cli.js"
      },
      "engines": {
        "node": ">=24.0.0"
      }
    }
  }
}
